
Microsoft Visual Studio Solution File, Format Version 12.00
# Visual Studio Version 16
VisualStudioVersion = 16.0.29519.181
MinimumVisualStudioVersion = 10.0.40219.1
Project("{FAE04EC0-301F-11D3-BF4B-00C04F79EFBC}") = "WebAdvert.Web", "WebAdvert.Web.csproj", "{6CEF5BCD-C3F7-4165-80BA-425908678B7A}"
EndProject
Global
	GlobalSection(SolutionConfigurationPlatforms) = preSolution
		Debug|Any CPU = Debug|Any CPU
		Release|Any CPU = Release|Any CPU
	EndGlobalSection
	GlobalSection(ProjectConfigurationPlatforms) = postSolution
		{6CEF5BCD-C3F7-4165-80BA-425908678B7A}.Debug|Any CPU.ActiveCfg = Debug|Any CPU
		{6CEF5BCD-C3F7-4165-80BA-425908678B7A}.Debug|Any CPU.Build.0 = Debug|Any CPU
		{6CEF5BCD-C3F7-4165-80BA-425908678B7A}.Release|Any CPU.ActiveCfg = Release|Any CPU
		{6CEF5BCD-C3F7-4165-80BA-425908678B7A}.Release|Any CPU.Build.0 = Release|Any CPU
	EndGlobalSection
	GlobalSection(SolutionProperties) = preSolution
		HideSolutionNode = FALSE
	EndGlobalSection
	GlobalSection(ExtensibilityGlobals) = postSolution
		SolutionGuid = {18B753BD-F295-4B97-82A9-514FB9D7EA53}
	EndGlobalSection
EndGlobal
